
Microsoft Visual Studio Solution File, Format Version 12.00
# Visual Studio Version 17
VisualStudioVersion = 17.5.33502.453
MinimumVisualStudioVersion = 10.0.40219.1
Project("{9A19103F-16F7-4668-BE54-9A1E7A4F7556}") = "PS_42_Tsveti", "PS_42_Tsveti\PS_42_Tsveti.csproj", "{8AFD836F-C322-4582-ADC3-AC3A393C254A}"
EndProject
Project("{FAE04EC0-301F-11D3-BF4B-00C04F79EFBC}") = "UI", "UI\UI.csproj", "{47BCC117-7AA5-442B-BF8B-F38D2B322517}"
EndProject
Global
	GlobalSection(SolutionConfigurationPlatforms) = preSolution
		Debug|Any CPU = Debug|Any CPU
		Release|Any CPU = Release|Any CPU
	EndGlobalSection
	GlobalSection(ProjectConfigurationPlatforms) = postSolution
		{8AFD836F-C322-4582-ADC3-AC3A393C254A}.Debug|Any CPU.ActiveCfg = Debug|Any CPU
		{8AFD836F-C322-4582-ADC3-AC3A393C254A}.Debug|Any CPU.Build.0 = Debug|Any CPU
		{8AFD836F-C322-4582-ADC3-AC3A393C254A}.Release|Any CPU.ActiveCfg = Release|Any CPU
		{8AFD836F-C322-4582-ADC3-AC3A393C254A}.Release|Any CPU.Build.0 = Release|Any CPU
		{47BCC117-7AA5-442B-BF8B-F38D2B322517}.Debug|Any CPU.ActiveCfg = Debug|Any CPU
		{47BCC117-7AA5-442B-BF8B-F38D2B322517}.Debug|Any CPU.Build.0 = Debug|Any CPU
		{47BCC117-7AA5-442B-BF8B-F38D2B322517}.Release|Any CPU.ActiveCfg = Release|Any CPU
		{47BCC117-7AA5-442B-BF8B-F38D2B322517}.Release|Any CPU.Build.0 = Release|Any CPU
	EndGlobalSection
	GlobalSection(SolutionProperties) = preSolution
		HideSolutionNode = FALSE
	EndGlobalSection
	GlobalSection(ExtensibilityGlobals) = postSolution
		SolutionGuid = {068414C3-D4EC-4DA6-B33A-0A3F3ED0B3E7}
	EndGlobalSection
EndGlobal
